# This file is automatically @generated by Cargo.
# It is not intended for manual editing.
version = 3

[[package]]
name = "autoken-rustc"
version = "0.1.0"
dependencies = [
 "autoken-versions",
 "smallvec",
]

[[package]]
name = "autoken-versions"
version = "0.1.0"

[[package]]
name = "smallvec"
version = "1.11.1"
source = "registry+https://github.com/rust-lang/crates.io-index"
checksum = "942b4a808e05215192e39f4ab80813e599068285906cc91aa64f923db842bd5a"
