# This file is automatically @generated by Cargo.
# It is not intended for manual editing.
version = 3

[[package]]
name = "autoken"
version = "0.1.0"
dependencies = [
 "semver",
]

[[package]]
name = "autoken-playground"
version = "0.1.0"
dependencies = [
 "autoken",
]

[[package]]
name = "semver"
version = "1.0.22"
source = "registry+https://github.com/rust-lang/crates.io-index"
checksum = "92d43fe69e652f3df9bdc2b85b2854a0825b86e4fb76bc44d945137d053639ca"
